
Microsoft Visual Studio Solution File, Format Version 12.00
# Visual Studio 15
Project("{FAE04EC0-301F-11D3-BF4B-00C04F79EFBC}") = "UnityEngine.UI", "UnityEngine.UI.csproj", "{264B0DE9-CA43-0BB4-926D-1E3527422BCF}"
EndProject
Project("{FAE04EC0-301F-11D3-BF4B-00C04F79EFBC}") = "UnityEngine.TestRunner", "UnityEngine.TestRunner.csproj", "{C8468857-7747-19E6-4A39-7CEE3E2C4786}"
EndProject
Project("{FAE04EC0-301F-11D3-BF4B-00C04F79EFBC}") = "Unity.TextMeshPro", "Unity.TextMeshPro.csproj", "{8C81DF0F-661B-94A3-09D0-A2E88D286294}"
EndProject
Project("{FAE04EC0-301F-11D3-BF4B-00C04F79EFBC}") = "Unity.Advertisement.IosSupport", "Unity.Advertisement.IosSupport.csproj", "{71490F5F-4D3C-AB5A-3FAE-8C80F01B7DDC}"
EndProject
Project("{FAE04EC0-301F-11D3-BF4B-00C04F79EFBC}") = "MoNo.UtilityScript", "MoNo.UtilityScript.csproj", "{B98D76A6-B75D-52FF-E902-89F4EE0DA533}"
EndProject
Project("{FAE04EC0-301F-11D3-BF4B-00C04F79EFBC}") = "Unity.PlasticSCM.Editor", "Unity.PlasticSCM.Editor.csproj", "{626CB266-FE84-4D0B-C033-52A1C16923C9}"
EndProject
Project("{FAE04EC0-301F-11D3-BF4B-00C04F79EFBC}") = "UnityEditor.TestRunner", "UnityEditor.TestRunner.csproj", "{771B2A1F-A4CF-7D85-0461-46B8B74B5814}"
EndProject
Project("{FAE04EC0-301F-11D3-BF4B-00C04F79EFBC}") = "UnityEditor.UI", "UnityEditor.UI.csproj", "{1BC73288-AC51-CCC6-5D6B-B1CF72CC22D7}"
EndProject
Project("{FAE04EC0-301F-11D3-BF4B-00C04F79EFBC}") = "Unity.Services.Core.Editor", "Unity.Services.Core.Editor.csproj", "{F3753ECB-3722-FEFE-CB01-D0262F8D74A9}"
EndProject
Project("{FAE04EC0-301F-11D3-BF4B-00C04F79EFBC}") = "Unity.VisualStudio.Editor", "Unity.VisualStudio.Editor.csproj", "{A1A3DCA4-F3AE-BFB8-D80E-E4348D3F17C7}"
EndProject
Project("{FAE04EC0-301F-11D3-BF4B-00C04F79EFBC}") = "Unity.Advertisement.IosSupport.Editor", "Unity.Advertisement.IosSupport.Editor.csproj", "{16455E15-68DE-CC00-105B-0689A87D376A}"
EndProject
Project("{FAE04EC0-301F-11D3-BF4B-00C04F79EFBC}") = "Unity.TextMeshPro.Editor", "Unity.TextMeshPro.Editor.csproj", "{A069A9C3-5F7F-DAC3-D3F8-1FD35DCB18DE}"
EndProject
Project("{FAE04EC0-301F-11D3-BF4B-00C04F79EFBC}") = "Unity.CollabProxy.Editor", "Unity.CollabProxy.Editor.csproj", "{6B044C0E-A274-A1A1-2827-B81716C745F6}"
EndProject
Project("{FAE04EC0-301F-11D3-BF4B-00C04F79EFBC}") = "Assembly-CSharp-Editor", "Assembly-CSharp-Editor.csproj", "{49D5C846-1142-EA2A-9A5F-8780B1D6059A}"
EndProject
Project("{FAE04EC0-301F-11D3-BF4B-00C04F79EFBC}") = "Unity.VSCode.Editor", "Unity.VSCode.Editor.csproj", "{9EADA1EB-CD90-329F-BEB1-1219EC590BD4}"
EndProject
Project("{FAE04EC0-301F-11D3-BF4B-00C04F79EFBC}") = "Editor", "Editor.csproj", "{F5B5E41F-9DF9-B90D-8194-A5842024A176}"
EndProject
Project("{FAE04EC0-301F-11D3-BF4B-00C04F79EFBC}") = "UnityEngine.UI", "UnityEngine.UI.Player.csproj", "{0FDC069F-B7E1-E06C-7256-6AF0F0394C63}"
EndProject
Project("{FAE04EC0-301F-11D3-BF4B-00C04F79EFBC}") = "UnityEngine.TestRunner", "UnityEngine.TestRunner.Player.csproj", "{7BA1DA6D-20E7-27FE-7140-7D63818AA6D7}"
EndProject
Project("{FAE04EC0-301F-11D3-BF4B-00C04F79EFBC}") = "Unity.TextMeshPro", "Unity.TextMeshPro.Player.csproj", "{1A9E6079-806F-91B6-EF73-677A9AE5C454}"
EndProject
Project("{FAE04EC0-301F-11D3-BF4B-00C04F79EFBC}") = "Unity.Advertisement.IosSupport", "Unity.Advertisement.IosSupport.Player.csproj", "{329B0C8B-5647-384B-F83C-E83C9593381A}"
EndProject
Project("{FAE04EC0-301F-11D3-BF4B-00C04F79EFBC}") = "MoNo.UtilityScript", "MoNo.UtilityScript.Player.csproj", "{C7AA2FEE-D9A7-B84D-E569-68FD98D61654}"
EndProject
Global
	GlobalSection(SolutionConfigurationPlatforms) = preSolution
		Debug|Any CPU = Debug|Any CPU
		Release|Any CPU = Release|Any CPU
	EndGlobalSection
	GlobalSection(ProjectConfigurationPlatforms) = postSolution
		{264B0DE9-CA43-0BB4-926D-1E3527422BCF}.Debug|Any CPU.ActiveCfg = Debug|Any CPU
		{264B0DE9-CA43-0BB4-926D-1E3527422BCF}.Debug|Any CPU.Build.0 = Debug|Any CPU
		{264B0DE9-CA43-0BB4-926D-1E3527422BCF}.Release|Any CPU.ActiveCfg = Release|Any CPU
		{264B0DE9-CA43-0BB4-926D-1E3527422BCF}.Release|Any CPU.Build.0 = Release|Any CPU
		{C8468857-7747-19E6-4A39-7CEE3E2C4786}.Debug|Any CPU.ActiveCfg = Debug|Any CPU
		{C8468857-7747-19E6-4A39-7CEE3E2C4786}.Debug|Any CPU.Build.0 = Debug|Any CPU
		{C8468857-7747-19E6-4A39-7CEE3E2C4786}.Release|Any CPU.ActiveCfg = Release|Any CPU
		{C8468857-7747-19E6-4A39-7CEE3E2C4786}.Release|Any CPU.Build.0 = Release|Any CPU
		{8C81DF0F-661B-94A3-09D0-A2E88D286294}.Debug|Any CPU.ActiveCfg = Debug|Any CPU
		{8C81DF0F-661B-94A3-09D0-A2E88D286294}.Debug|Any CPU.Build.0 = Debug|Any CPU
		{8C81DF0F-661B-94A3-09D0-A2E88D286294}.Release|Any CPU.ActiveCfg = Release|Any CPU
		{8C81DF0F-661B-94A3-09D0-A2E88D286294}.Release|Any CPU.Build.0 = Release|Any CPU
		{71490F5F-4D3C-AB5A-3FAE-8C80F01B7DDC}.Debug|Any CPU.ActiveCfg = Debug|Any CPU
		{71490F5F-4D3C-AB5A-3FAE-8C80F01B7DDC}.Debug|Any CPU.Build.0 = Debug|Any CPU
		{71490F5F-4D3C-AB5A-3FAE-8C80F01B7DDC}.Release|Any CPU.ActiveCfg = Release|Any CPU
		{71490F5F-4D3C-AB5A-3FAE-8C80F01B7DDC}.Release|Any CPU.Build.0 = Release|Any CPU
		{B98D76A6-B75D-52FF-E902-89F4EE0DA533}.Debug|Any CPU.ActiveCfg = Debug|Any CPU
		{B98D76A6-B75D-52FF-E902-89F4EE0DA533}.Debug|Any CPU.Build.0 = Debug|Any CPU
		{B98D76A6-B75D-52FF-E902-89F4EE0DA533}.Release|Any CPU.ActiveCfg = Release|Any CPU
		{B98D76A6-B75D-52FF-E902-89F4EE0DA533}.Release|Any CPU.Build.0 = Release|Any CPU
		{626CB266-FE84-4D0B-C033-52A1C16923C9}.Debug|Any CPU.ActiveCfg = Debug|Any CPU
		{626CB266-FE84-4D0B-C033-52A1C16923C9}.Debug|Any CPU.Build.0 = Debug|Any CPU
		{626CB266-FE84-4D0B-C033-52A1C16923C9}.Release|Any CPU.ActiveCfg = Release|Any CPU
		{626CB266-FE84-4D0B-C033-52A1C16923C9}.Release|Any CPU.Build.0 = Release|Any CPU
		{771B2A1F-A4CF-7D85-0461-46B8B74B5814}.Debug|Any CPU.ActiveCfg = Debug|Any CPU
		{771B2A1F-A4CF-7D85-0461-46B8B74B5814}.Debug|Any CPU.Build.0 = Debug|Any CPU
		{771B2A1F-A4CF-7D85-0461-46B8B74B5814}.Release|Any CPU.ActiveCfg = Release|Any CPU
		{771B2A1F-A4CF-7D85-0461-46B8B74B5814}.Release|Any CPU.Build.0 = Release|Any CPU
		{1BC73288-AC51-CCC6-5D6B-B1CF72CC22D7}.Debug|Any CPU.ActiveCfg = Debug|Any CPU
		{1BC73288-AC51-CCC6-5D6B-B1CF72CC22D7}.Debug|Any CPU.Build.0 = Debug|Any CPU
		{1BC73288-AC51-CCC6-5D6B-B1CF72CC22D7}.Release|Any CPU.ActiveCfg = Release|Any CPU
		{1BC73288-AC51-CCC6-5D6B-B1CF72CC22D7}.Release|Any CPU.Build.0 = Release|Any CPU
		{F3753ECB-3722-FEFE-CB01-D0262F8D74A9}.Debug|Any CPU.ActiveCfg = Debug|Any CPU
		{F3753ECB-3722-FEFE-CB01-D0262F8D74A9}.Debug|Any CPU.Build.0 = Debug|Any CPU
		{F3753ECB-3722-FEFE-CB01-D0262F8D74A9}.Release|Any CPU.ActiveCfg = Release|Any CPU
		{F3753ECB-3722-FEFE-CB01-D0262F8D74A9}.Release|Any CPU.Build.0 = Release|Any CPU
		{A1A3DCA4-F3AE-BFB8-D80E-E4348D3F17C7}.Debug|Any CPU.ActiveCfg = Debug|Any CPU
		{A1A3DCA4-F3AE-BFB8-D80E-E4348D3F17C7}.Debug|Any CPU.Build.0 = Debug|Any CPU
		{A1A3DCA4-F3AE-BFB8-D80E-E4348D3F17C7}.Release|Any CPU.ActiveCfg = Release|Any CPU
		{A1A3DCA4-F3AE-BFB8-D80E-E4348D3F17C7}.Release|Any CPU.Build.0 = Release|Any CPU
		{16455E15-68DE-CC00-105B-0689A87D376A}.Debug|Any CPU.ActiveCfg = Debug|Any CPU
		{16455E15-68DE-CC00-105B-0689A87D376A}.Debug|Any CPU.Build.0 = Debug|Any CPU
		{16455E15-68DE-CC00-105B-0689A87D376A}.Release|Any CPU.ActiveCfg = Release|Any CPU
		{16455E15-68DE-CC00-105B-0689A87D376A}.Release|Any CPU.Build.0 = Release|Any CPU
		{A069A9C3-5F7F-DAC3-D3F8-1FD35DCB18DE}.Debug|Any CPU.ActiveCfg = Debug|Any CPU
		{A069A9C3-5F7F-DAC3-D3F8-1FD35DCB18DE}.Debug|Any CPU.Build.0 = Debug|Any CPU
		{A069A9C3-5F7F-DAC3-D3F8-1FD35DCB18DE}.Release|Any CPU.ActiveCfg = Release|Any CPU
		{A069A9C3-5F7F-DAC3-D3F8-1FD35DCB18DE}.Release|Any CPU.Build.0 = Release|Any CPU
		{6B044C0E-A274-A1A1-2827-B81716C745F6}.Debug|Any CPU.ActiveCfg = Debug|Any CPU
		{6B044C0E-A274-A1A1-2827-B81716C745F6}.Debug|Any CPU.Build.0 = Debug|Any CPU
		{6B044C0E-A274-A1A1-2827-B81716C745F6}.Release|Any CPU.ActiveCfg = Release|Any CPU
		{6B044C0E-A274-A1A1-2827-B81716C745F6}.Release|Any CPU.Build.0 = Release|Any CPU
		{49D5C846-1142-EA2A-9A5F-8780B1D6059A}.Debug|Any CPU.ActiveCfg = Debug|Any CPU
		{49D5C846-1142-EA2A-9A5F-8780B1D6059A}.Debug|Any CPU.Build.0 = Debug|Any CPU
		{49D5C846-1142-EA2A-9A5F-8780B1D6059A}.Release|Any CPU.ActiveCfg = Release|Any CPU
		{49D5C846-1142-EA2A-9A5F-8780B1D6059A}.Release|Any CPU.Build.0 = Release|Any CPU
		{9EADA1EB-CD90-329F-BEB1-1219EC590BD4}.Debug|Any CPU.ActiveCfg = Debug|Any CPU
		{9EADA1EB-CD90-329F-BEB1-1219EC590BD4}.Debug|Any CPU.Build.0 = Debug|Any CPU
		{9EADA1EB-CD90-329F-BEB1-1219EC590BD4}.Release|Any CPU.ActiveCfg = Release|Any CPU
		{9EADA1EB-CD90-329F-BEB1-1219EC590BD4}.Release|Any CPU.Build.0 = Release|Any CPU
		{F5B5E41F-9DF9-B90D-8194-A5842024A176}.Debug|Any CPU.ActiveCfg = Debug|Any CPU
		{F5B5E41F-9DF9-B90D-8194-A5842024A176}.Debug|Any CPU.Build.0 = Debug|Any CPU
		{F5B5E41F-9DF9-B90D-8194-A5842024A176}.Release|Any CPU.ActiveCfg = Release|Any CPU
		{F5B5E41F-9DF9-B90D-8194-A5842024A176}.Release|Any CPU.Build.0 = Release|Any CPU
		{0FDC069F-B7E1-E06C-7256-6AF0F0394C63}.Debug|Any CPU.ActiveCfg = Debug|Any CPU
		{0FDC069F-B7E1-E06C-7256-6AF0F0394C63}.Debug|Any CPU.Build.0 = Debug|Any CPU
		{0FDC069F-B7E1-E06C-7256-6AF0F0394C63}.Release|Any CPU.ActiveCfg = Release|Any CPU
		{0FDC069F-B7E1-E06C-7256-6AF0F0394C63}.Release|Any CPU.Build.0 = Release|Any CPU
		{7BA1DA6D-20E7-27FE-7140-7D63818AA6D7}.Debug|Any CPU.ActiveCfg = Debug|Any CPU
		{7BA1DA6D-20E7-27FE-7140-7D63818AA6D7}.Debug|Any CPU.Build.0 = Debug|Any CPU
		{7BA1DA6D-20E7-27FE-7140-7D63818AA6D7}.Release|Any CPU.ActiveCfg = Release|Any CPU
		{7BA1DA6D-20E7-27FE-7140-7D63818AA6D7}.Release|Any CPU.Build.0 = Release|Any CPU
		{1A9E6079-806F-91B6-EF73-677A9AE5C454}.Debug|Any CPU.ActiveCfg = Debug|Any CPU
		{1A9E6079-806F-91B6-EF73-677A9AE5C454}.Debug|Any CPU.Build.0 = Debug|Any CPU
		{1A9E6079-806F-91B6-EF73-677A9AE5C454}.Release|Any CPU.ActiveCfg = Release|Any CPU
		{1A9E6079-806F-91B6-EF73-677A9AE5C454}.Release|Any CPU.Build.0 = Release|Any CPU
		{329B0C8B-5647-384B-F83C-E83C9593381A}.Debug|Any CPU.ActiveCfg = Debug|Any CPU
		{329B0C8B-5647-384B-F83C-E83C9593381A}.Debug|Any CPU.Build.0 = Debug|Any CPU
		{329B0C8B-5647-384B-F83C-E83C9593381A}.Release|Any CPU.ActiveCfg = Release|Any CPU
		{329B0C8B-5647-384B-F83C-E83C9593381A}.Release|Any CPU.Build.0 = Release|Any CPU
		{C7AA2FEE-D9A7-B84D-E569-68FD98D61654}.Debug|Any CPU.ActiveCfg = Debug|Any CPU
		{C7AA2FEE-D9A7-B84D-E569-68FD98D61654}.Debug|Any CPU.Build.0 = Debug|Any CPU
		{C7AA2FEE-D9A7-B84D-E569-68FD98D61654}.Release|Any CPU.ActiveCfg = Release|Any CPU
		{C7AA2FEE-D9A7-B84D-E569-68FD98D61654}.Release|Any CPU.Build.0 = Release|Any CPU
	EndGlobalSection
	GlobalSection(SolutionProperties) = preSolution
		HideSolutionNode = FALSE
	EndGlobalSection
EndGlobal
